
Microsoft Visual Studio Solution File, Format Version 12.00
# Visual Studio Version 16
VisualStudioVersion = 16.0.31124.237
MinimumVisualStudioVersion = 10.0.40219.1
Project("{FAE04EC0-301F-11D3-BF4B-00C04F79EFBC}") = "Mvc50AppInsight", "Mvc50AppInsight\Mvc50AppInsight.csproj", "{CC2C06C7-DE6C-4C10-A709-A11268CA844C}"
EndProject
Global
	GlobalSection(SolutionConfigurationPlatforms) = preSolution
		Debug|Any CPU = Debug|Any CPU
		Release|Any CPU = Release|Any CPU
	EndGlobalSection
	GlobalSection(ProjectConfigurationPlatforms) = postSolution
		{CC2C06C7-DE6C-4C10-A709-A11268CA844C}.Debug|Any CPU.ActiveCfg = Debug|Any CPU
		{CC2C06C7-DE6C-4C10-A709-A11268CA844C}.Debug|Any CPU.Build.0 = Debug|Any CPU
		{CC2C06C7-DE6C-4C10-A709-A11268CA844C}.Release|Any CPU.ActiveCfg = Release|Any CPU
		{CC2C06C7-DE6C-4C10-A709-A11268CA844C}.Release|Any CPU.Build.0 = Release|Any CPU
	EndGlobalSection
	GlobalSection(SolutionProperties) = preSolution
		HideSolutionNode = FALSE
	EndGlobalSection
	GlobalSection(ExtensibilityGlobals) = postSolution
		SolutionGuid = {63BB5208-34B7-4AB0-ACEE-DE98841DC286}
	EndGlobalSection
EndGlobal
